
Microsoft Visual Studio Solution File, Format Version 12.00
# Visual Studio 14
VisualStudioVersion = 14.0.25420.1
MinimumVisualStudioVersion = 10.0.40219.1
Project("{FAE04EC0-301F-11D3-BF4B-00C04F79EFBC}") = "CryptoPals", "CryptoPals\CryptoPals.csproj", "{4CAE896C-0C48-4258-A5C2-ED8A69730700}"
EndProject
Project("{FAE04EC0-301F-11D3-BF4B-00C04F79EFBC}") = "Set1Tests", "Set1Tests\Set1Tests.csproj", "{EA69A11A-AECB-491E-99D5-A0BF307DA935}"
EndProject
Global
	GlobalSection(SolutionConfigurationPlatforms) = preSolution
		Debug|Any CPU = Debug|Any CPU
		Release|Any CPU = Release|Any CPU
	EndGlobalSection
	GlobalSection(ProjectConfigurationPlatforms) = postSolution
		{4CAE896C-0C48-4258-A5C2-ED8A69730700}.Debug|Any CPU.ActiveCfg = Debug|Any CPU
		{4CAE896C-0C48-4258-A5C2-ED8A69730700}.Debug|Any CPU.Build.0 = Debug|Any CPU
		{4CAE896C-0C48-4258-A5C2-ED8A69730700}.Release|Any CPU.ActiveCfg = Release|Any CPU
		{4CAE896C-0C48-4258-A5C2-ED8A69730700}.Release|Any CPU.Build.0 = Release|Any CPU
		{EA69A11A-AECB-491E-99D5-A0BF307DA935}.Debug|Any CPU.ActiveCfg = Debug|Any CPU
		{EA69A11A-AECB-491E-99D5-A0BF307DA935}.Debug|Any CPU.Build.0 = Debug|Any CPU
		{EA69A11A-AECB-491E-99D5-A0BF307DA935}.Release|Any CPU.ActiveCfg = Release|Any CPU
		{EA69A11A-AECB-491E-99D5-A0BF307DA935}.Release|Any CPU.Build.0 = Release|Any CPU
	EndGlobalSection
	GlobalSection(SolutionProperties) = preSolution
		HideSolutionNode = FALSE
	EndGlobalSection
EndGlobal
